
Microsoft Visual Studio Solution File, Format Version 12.00
# Visual Studio Version 16
VisualStudioVersion = 16.0.29025.244
MinimumVisualStudioVersion = 10.0.40219.1
Project("{8BC9CEB8-8B4A-11D0-8D11-00A0C91BC942}") = "Awesome_Game", "Awesome_Game.vcxproj", "{F1DA53D6-1A82-4CE6-9156-66FEEEF02F53}"
EndProject
Global
	GlobalSection(SolutionConfigurationPlatforms) = preSolution
		Debug|x64 = Debug|x64
		Debug|x86 = Debug|x86
		Release|x64 = Release|x64
		Release|x86 = Release|x86
	EndGlobalSection
	GlobalSection(ProjectConfigurationPlatforms) = postSolution
		{F1DA53D6-1A82-4CE6-9156-66FEEEF02F53}.Debug|x64.ActiveCfg = Debug|x64
		{F1DA53D6-1A82-4CE6-9156-66FEEEF02F53}.Debug|x64.Build.0 = Debug|x64
		{F1DA53D6-1A82-4CE6-9156-66FEEEF02F53}.Debug|x86.ActiveCfg = Debug|Win32
		{F1DA53D6-1A82-4CE6-9156-66FEEEF02F53}.Debug|x86.Build.0 = Debug|Win32
		{F1DA53D6-1A82-4CE6-9156-66FEEEF02F53}.Release|x64.ActiveCfg = Release|x64
		{F1DA53D6-1A82-4CE6-9156-66FEEEF02F53}.Release|x64.Build.0 = Release|x64
		{F1DA53D6-1A82-4CE6-9156-66FEEEF02F53}.Release|x86.ActiveCfg = Release|Win32
		{F1DA53D6-1A82-4CE6-9156-66FEEEF02F53}.Release|x86.Build.0 = Release|Win32
	EndGlobalSection
	GlobalSection(SolutionProperties) = preSolution
		HideSolutionNode = FALSE
	EndGlobalSection
	GlobalSection(ExtensibilityGlobals) = postSolution
		SolutionGuid = {1D5525D3-A0B3-4C9B-84FD-FAD6DE67E12F}
	EndGlobalSection
EndGlobal
